
Microsoft Visual Studio Solution File, Format Version 12.00
# Visual Studio Version 17
VisualStudioVersion = 17.5.002.0
MinimumVisualStudioVersion = 10.0.40219.1
Project("{2150E333-8FDC-42A3-9474-1A3956D46DE8}") = "Guided-project-foreach-if-array-CSharp-main", "Guided-project-foreach-if-array-CSharp-main", "{476F7B9B-9AF0-4E2F-9EEB-F8FF056B9326}"
EndProject
Project("{2150E333-8FDC-42A3-9474-1A3956D46DE8}") = "GuidedProject", "GuidedProject", "{1921ED88-C57A-491E-B495-EC62E9FC1155}"
EndProject
Project("{9A19103F-16F7-4668-BE54-9A1E7A4F7556}") = "Final", "Guided-project-foreach-if-array-CSharp-main\GuidedProject\Final\Final.csproj", "{15E98F90-96A6-4729-A172-EB54F1CE6854}"
EndProject
Project("{9A19103F-16F7-4668-BE54-9A1E7A4F7556}") = "Starter", "Guided-project-foreach-if-array-CSharp-main\GuidedProject\Starter\Starter.csproj", "{BB3ADD3E-AF19-4AF6-8B1F-CD030EAFF7F9}"
EndProject
Project("{FAE04EC0-301F-11D3-BF4B-00C04F79EFBC}") = "Conditionals", "Conditionals\Conditionals.csproj", "{C7B564DF-3C9A-4A86-ADEB-945F3C928575}"
EndProject
Project("{FAE04EC0-301F-11D3-BF4B-00C04F79EFBC}") = "Switch Expression", "Switch Expression\Switch Expression.csproj", "{3E891A23-CDED-4B84-86A2-2CCF21001B4A}"
EndProject
Project("{FAE04EC0-301F-11D3-BF4B-00C04F79EFBC}") = "Loops", "Loops\Loops.csproj", "{01AE44AE-E0FA-4698-B9CE-9F9CA3133FF0}"
EndProject
Project("{FAE04EC0-301F-11D3-BF4B-00C04F79EFBC}") = "A Do While Exercise", "A Do While Exercise\A Do While Exercise.csproj", "{A91E379F-3513-42EF-B517-427985ADCC75}"
EndProject
Project("{FAE04EC0-301F-11D3-BF4B-00C04F79EFBC}") = "Difference between Do While and While Loop", "Difference between Do While and While Loop\Difference between Do While and While Loop.csproj", "{8AD24535-2F77-4CE2-9606-3F3CB791228F}"
EndProject
Project("{FAE04EC0-301F-11D3-BF4B-00C04F79EFBC}") = "DataType Conversion", "DataType Conversion\DataType Conversion.csproj", "{54777946-779C-4FDF-BBF3-D5345325FFD5}"
EndProject
Project("{FAE04EC0-301F-11D3-BF4B-00C04F79EFBC}") = "Array Helper Methods", "Array Helper Methods\Array Helper Methods.csproj", "{004812BC-03AE-479E-9907-0B09BAA5670D}"
EndProject
Project("{FAE04EC0-301F-11D3-BF4B-00C04F79EFBC}") = "More Array Exercise", "More Array Exercise\More Array Exercise.csproj", "{E48BAF73-347A-431D-82CD-974DAB128840}"
EndProject
Project("{FAE04EC0-301F-11D3-BF4B-00C04F79EFBC}") = "String Formatting", "String Formatting\String Formatting.csproj", "{0D5BD1E7-5317-4F7C-85E4-C497D986DD29}"
EndProject
Global
	GlobalSection(SolutionConfigurationPlatforms) = preSolution
		Debug|Any CPU = Debug|Any CPU
		Release|Any CPU = Release|Any CPU
	EndGlobalSection
	GlobalSection(ProjectConfigurationPlatforms) = postSolution
		{15E98F90-96A6-4729-A172-EB54F1CE6854}.Debug|Any CPU.ActiveCfg = Debug|Any CPU
		{15E98F90-96A6-4729-A172-EB54F1CE6854}.Debug|Any CPU.Build.0 = Debug|Any CPU
		{15E98F90-96A6-4729-A172-EB54F1CE6854}.Release|Any CPU.ActiveCfg = Release|Any CPU
		{15E98F90-96A6-4729-A172-EB54F1CE6854}.Release|Any CPU.Build.0 = Release|Any CPU
		{BB3ADD3E-AF19-4AF6-8B1F-CD030EAFF7F9}.Debug|Any CPU.ActiveCfg = Debug|Any CPU
		{BB3ADD3E-AF19-4AF6-8B1F-CD030EAFF7F9}.Debug|Any CPU.Build.0 = Debug|Any CPU
		{BB3ADD3E-AF19-4AF6-8B1F-CD030EAFF7F9}.Release|Any CPU.ActiveCfg = Release|Any CPU
		{BB3ADD3E-AF19-4AF6-8B1F-CD030EAFF7F9}.Release|Any CPU.Build.0 = Release|Any CPU
		{C7B564DF-3C9A-4A86-ADEB-945F3C928575}.Debug|Any CPU.ActiveCfg = Debug|Any CPU
		{C7B564DF-3C9A-4A86-ADEB-945F3C928575}.Debug|Any CPU.Build.0 = Debug|Any CPU
		{C7B564DF-3C9A-4A86-ADEB-945F3C928575}.Release|Any CPU.ActiveCfg = Release|Any CPU
		{C7B564DF-3C9A-4A86-ADEB-945F3C928575}.Release|Any CPU.Build.0 = Release|Any CPU
		{3E891A23-CDED-4B84-86A2-2CCF21001B4A}.Debug|Any CPU.ActiveCfg = Debug|Any CPU
		{3E891A23-CDED-4B84-86A2-2CCF21001B4A}.Debug|Any CPU.Build.0 = Debug|Any CPU
		{3E891A23-CDED-4B84-86A2-2CCF21001B4A}.Release|Any CPU.ActiveCfg = Release|Any CPU
		{3E891A23-CDED-4B84-86A2-2CCF21001B4A}.Release|Any CPU.Build.0 = Release|Any CPU
		{01AE44AE-E0FA-4698-B9CE-9F9CA3133FF0}.Debug|Any CPU.ActiveCfg = Debug|Any CPU
		{01AE44AE-E0FA-4698-B9CE-9F9CA3133FF0}.Debug|Any CPU.Build.0 = Debug|Any CPU
		{01AE44AE-E0FA-4698-B9CE-9F9CA3133FF0}.Release|Any CPU.ActiveCfg = Release|Any CPU
		{01AE44AE-E0FA-4698-B9CE-9F9CA3133FF0}.Release|Any CPU.Build.0 = Release|Any CPU
		{A91E379F-3513-42EF-B517-427985ADCC75}.Debug|Any CPU.ActiveCfg = Debug|Any CPU
		{A91E379F-3513-42EF-B517-427985ADCC75}.Debug|Any CPU.Build.0 = Debug|Any CPU
		{A91E379F-3513-42EF-B517-427985ADCC75}.Release|Any CPU.ActiveCfg = Release|Any CPU
		{A91E379F-3513-42EF-B517-427985ADCC75}.Release|Any CPU.Build.0 = Release|Any CPU
		{8AD24535-2F77-4CE2-9606-3F3CB791228F}.Debug|Any CPU.ActiveCfg = Debug|Any CPU
		{8AD24535-2F77-4CE2-9606-3F3CB791228F}.Debug|Any CPU.Build.0 = Debug|Any CPU
		{8AD24535-2F77-4CE2-9606-3F3CB791228F}.Release|Any CPU.ActiveCfg = Release|Any CPU
		{8AD24535-2F77-4CE2-9606-3F3CB791228F}.Release|Any CPU.Build.0 = Release|Any CPU
		{54777946-779C-4FDF-BBF3-D5345325FFD5}.Debug|Any CPU.ActiveCfg = Debug|Any CPU
		{54777946-779C-4FDF-BBF3-D5345325FFD5}.Debug|Any CPU.Build.0 = Debug|Any CPU
		{54777946-779C-4FDF-BBF3-D5345325FFD5}.Release|Any CPU.ActiveCfg = Release|Any CPU
		{54777946-779C-4FDF-BBF3-D5345325FFD5}.Release|Any CPU.Build.0 = Release|Any CPU
		{004812BC-03AE-479E-9907-0B09BAA5670D}.Debug|Any CPU.ActiveCfg = Debug|Any CPU
		{004812BC-03AE-479E-9907-0B09BAA5670D}.Debug|Any CPU.Build.0 = Debug|Any CPU
		{004812BC-03AE-479E-9907-0B09BAA5670D}.Release|Any CPU.ActiveCfg = Release|Any CPU
		{004812BC-03AE-479E-9907-0B09BAA5670D}.Release|Any CPU.Build.0 = Release|Any CPU
		{E48BAF73-347A-431D-82CD-974DAB128840}.Debug|Any CPU.ActiveCfg = Debug|Any CPU
		{E48BAF73-347A-431D-82CD-974DAB128840}.Debug|Any CPU.Build.0 = Debug|Any CPU
		{E48BAF73-347A-431D-82CD-974DAB128840}.Release|Any CPU.ActiveCfg = Release|Any CPU
		{E48BAF73-347A-431D-82CD-974DAB128840}.Release|Any CPU.Build.0 = Release|Any CPU
		{0D5BD1E7-5317-4F7C-85E4-C497D986DD29}.Debug|Any CPU.ActiveCfg = Debug|Any CPU
		{0D5BD1E7-5317-4F7C-85E4-C497D986DD29}.Debug|Any CPU.Build.0 = Debug|Any CPU
		{0D5BD1E7-5317-4F7C-85E4-C497D986DD29}.Release|Any CPU.ActiveCfg = Release|Any CPU
		{0D5BD1E7-5317-4F7C-85E4-C497D986DD29}.Release|Any CPU.Build.0 = Release|Any CPU
	EndGlobalSection
	GlobalSection(SolutionProperties) = preSolution
		HideSolutionNode = FALSE
	EndGlobalSection
	GlobalSection(NestedProjects) = preSolution
		{1921ED88-C57A-491E-B495-EC62E9FC1155} = {476F7B9B-9AF0-4E2F-9EEB-F8FF056B9326}
		{15E98F90-96A6-4729-A172-EB54F1CE6854} = {1921ED88-C57A-491E-B495-EC62E9FC1155}
		{BB3ADD3E-AF19-4AF6-8B1F-CD030EAFF7F9} = {1921ED88-C57A-491E-B495-EC62E9FC1155}
	EndGlobalSection
	GlobalSection(ExtensibilityGlobals) = postSolution
		SolutionGuid = {9143AADD-79FB-4D3E-ABDF-A4EBD56F3FE1}
	EndGlobalSection
EndGlobal
